{
  "name": "forms",
  "version": "0.0.1",
  "lockfileVersion": 1,
  "requires": true,
  "dependencies": {
    "edge-utility-tmp": {
      "version": "0.0.1",
      "resolved": "https://registry.npmjs.org/edge-utility-tmp/-/edge-utility-tmp-0.0.1.tgz",
      "integrity": "sha512-SG9xzGXezerYvSdHS3/tlpzI1M0OinEpQ5h+rk9tiBwTFisZioDNxCgkEt4Pc7b2gBGeSmX5HxoQTpxLD6mAKg==",
      "requires": {
        "tslib": "^1.9.0"
      }
    },
    "tslib": {
      "version": "1.10.0",
      "resolved": "https://registry.npmjs.org/tslib/-/tslib-1.10.0.tgz",
      "integrity": "sha512-qOebF53frne81cf0S9B41ByenJ3/IuH8yJKngAX35CmiZySA0khhkovshKK+jGCaMnVomla7gVlIcc3EvKPbTQ=="
    }
  }
}
